
Microsoft Visual Studio Solution File, Format Version 12.00
# Visual Studio Version 17
VisualStudioVersion = 17.11.35327.3
MinimumVisualStudioVersion = 10.0.40219.1
Project("{FAE04EC0-301F-11D3-BF4B-00C04F79EFBC}") = "TAPTV_P1", "TAPTV_P1.csproj", "{F44ED136-B85E-45B4-B9CA-D450E5D73F4A}"
EndProject
Global
	GlobalSection(SolutionConfigurationPlatforms) = preSolution
		Debug|Any CPU = Debug|Any CPU
		Release|Any CPU = Release|Any CPU
	EndGlobalSection
	GlobalSection(ProjectConfigurationPlatforms) = postSolution
		{F44ED136-B85E-45B4-B9CA-D450E5D73F4A}.Debug|Any CPU.ActiveCfg = Debug|Any CPU
		{F44ED136-B85E-45B4-B9CA-D450E5D73F4A}.Debug|Any CPU.Build.0 = Debug|Any CPU
		{F44ED136-B85E-45B4-B9CA-D450E5D73F4A}.Release|Any CPU.ActiveCfg = Release|Any CPU
		{F44ED136-B85E-45B4-B9CA-D450E5D73F4A}.Release|Any CPU.Build.0 = Release|Any CPU
	EndGlobalSection
	GlobalSection(SolutionProperties) = preSolution
		HideSolutionNode = FALSE
	EndGlobalSection
	GlobalSection(ExtensibilityGlobals) = postSolution
		SolutionGuid = {02C0D0F4-8A1C-4FF6-872A-04D955C9EEA2}
	EndGlobalSection
EndGlobal
